{
  "name": "webpack-vue3.0",
  "version": "1.0.0",
  "lockfileVersion": 1,
  "requires": true,
  "dependencies": {
    "lib-flexible": {
      "version": "0.3.2",
      "resolved": "https://repo.huaweicloud.com/repository/npm/lib-flexible/-/lib-flexible-0.3.2.tgz",
      "integrity": "sha512-9yowMWA70tKhKdCJDaltY0mNQG4OWo7pWKScnTp9aiSxS7s20ZYlwBRE3335nweOf5qKXVC7sDxJwMPM8/MFZg==",
      "dev": true
    }
  }
}
